
Microsoft Visual Studio Solution File, Format Version 12.00
# Visual Studio Version 17
VisualStudioVersion = 17.0.31903.59
MinimumVisualStudioVersion = 10.0.40219.1
Project("{FAE04EC0-301F-11D3-BF4B-00C04F79EFBC}") = "链表", "链表\链表.csproj", "{BC4BEB54-54DE-4642-803A-E66C3C8DA311}"
EndProject
Project("{FAE04EC0-301F-11D3-BF4B-00C04F79EFBC}") = "树", "树\树.csproj", "{5EB39E94-CC2A-45EE-82EA-7FEC7DCA8229}"
EndProject
Project("{FAE04EC0-301F-11D3-BF4B-00C04F79EFBC}") = "ToSum", "ToSum\ToSum.csproj", "{94D72176-9AA3-4A92-A759-3C3CBC9443F5}"
EndProject
Project("{FAE04EC0-301F-11D3-BF4B-00C04F79EFBC}") = "Best Time to Buy and Sell Stock", "Best Time to Buy and Sell Stock\Best Time to Buy and Sell Stock.csproj", "{7E628885-D9D3-49F0-B56D-0AFE37C02640}"
EndProject
Project("{FAE04EC0-301F-11D3-BF4B-00C04F79EFBC}") = "Insert Intertval", "Insert Intertval\Insert Intertval.csproj", "{DEEA1CA4-83E6-4B4B-8B08-79F24A33E013}"
EndProject
Global
	GlobalSection(SolutionConfigurationPlatforms) = preSolution
		Debug|Any CPU = Debug|Any CPU
		Release|Any CPU = Release|Any CPU
	EndGlobalSection
	GlobalSection(ProjectConfigurationPlatforms) = postSolution
		{BC4BEB54-54DE-4642-803A-E66C3C8DA311}.Debug|Any CPU.ActiveCfg = Debug|Any CPU
		{BC4BEB54-54DE-4642-803A-E66C3C8DA311}.Debug|Any CPU.Build.0 = Debug|Any CPU
		{BC4BEB54-54DE-4642-803A-E66C3C8DA311}.Release|Any CPU.ActiveCfg = Release|Any CPU
		{BC4BEB54-54DE-4642-803A-E66C3C8DA311}.Release|Any CPU.Build.0 = Release|Any CPU
		{5EB39E94-CC2A-45EE-82EA-7FEC7DCA8229}.Debug|Any CPU.ActiveCfg = Debug|Any CPU
		{5EB39E94-CC2A-45EE-82EA-7FEC7DCA8229}.Debug|Any CPU.Build.0 = Debug|Any CPU
		{5EB39E94-CC2A-45EE-82EA-7FEC7DCA8229}.Release|Any CPU.ActiveCfg = Release|Any CPU
		{5EB39E94-CC2A-45EE-82EA-7FEC7DCA8229}.Release|Any CPU.Build.0 = Release|Any CPU
		{94D72176-9AA3-4A92-A759-3C3CBC9443F5}.Debug|Any CPU.ActiveCfg = Debug|Any CPU
		{94D72176-9AA3-4A92-A759-3C3CBC9443F5}.Debug|Any CPU.Build.0 = Debug|Any CPU
		{94D72176-9AA3-4A92-A759-3C3CBC9443F5}.Release|Any CPU.ActiveCfg = Release|Any CPU
		{94D72176-9AA3-4A92-A759-3C3CBC9443F5}.Release|Any CPU.Build.0 = Release|Any CPU
		{7E628885-D9D3-49F0-B56D-0AFE37C02640}.Debug|Any CPU.ActiveCfg = Debug|Any CPU
		{7E628885-D9D3-49F0-B56D-0AFE37C02640}.Debug|Any CPU.Build.0 = Debug|Any CPU
		{7E628885-D9D3-49F0-B56D-0AFE37C02640}.Release|Any CPU.ActiveCfg = Release|Any CPU
		{7E628885-D9D3-49F0-B56D-0AFE37C02640}.Release|Any CPU.Build.0 = Release|Any CPU
		{DEEA1CA4-83E6-4B4B-8B08-79F24A33E013}.Debug|Any CPU.ActiveCfg = Debug|Any CPU
		{DEEA1CA4-83E6-4B4B-8B08-79F24A33E013}.Debug|Any CPU.Build.0 = Debug|Any CPU
		{DEEA1CA4-83E6-4B4B-8B08-79F24A33E013}.Release|Any CPU.ActiveCfg = Release|Any CPU
		{DEEA1CA4-83E6-4B4B-8B08-79F24A33E013}.Release|Any CPU.Build.0 = Release|Any CPU
	EndGlobalSection
	GlobalSection(SolutionProperties) = preSolution
		HideSolutionNode = FALSE
	EndGlobalSection
	GlobalSection(ExtensibilityGlobals) = postSolution
		SolutionGuid = {1D15F24B-20DE-4BD1-B238-626FA43400D7}
	EndGlobalSection
EndGlobal
